
Microsoft Visual Studio Solution File, Format Version 12.00
# Visual Studio Version 16
VisualStudioVersion = 16.0.32630.194
MinimumVisualStudioVersion = 10.0.40219.1
Project("{FAE04EC0-301F-11D3-BF4B-00C04F79EFBC}") = "Tenancy", "Tenancy\Tenancy.csproj", "{C60753BF-AA05-4D1C-9A24-D79BC7D0D870}"
EndProject
Global
	GlobalSection(SolutionConfigurationPlatforms) = preSolution
		Debug|Any CPU = Debug|Any CPU
		Release|Any CPU = Release|Any CPU
	EndGlobalSection
	GlobalSection(ProjectConfigurationPlatforms) = postSolution
		{C60753BF-AA05-4D1C-9A24-D79BC7D0D870}.Debug|Any CPU.ActiveCfg = Debug|Any CPU
		{C60753BF-AA05-4D1C-9A24-D79BC7D0D870}.Debug|Any CPU.Build.0 = Debug|Any CPU
		{C60753BF-AA05-4D1C-9A24-D79BC7D0D870}.Release|Any CPU.ActiveCfg = Release|Any CPU
		{C60753BF-AA05-4D1C-9A24-D79BC7D0D870}.Release|Any CPU.Build.0 = Release|Any CPU
	EndGlobalSection
	GlobalSection(SolutionProperties) = preSolution
		HideSolutionNode = FALSE
	EndGlobalSection
	GlobalSection(ExtensibilityGlobals) = postSolution
		SolutionGuid = {EAB2E82E-A98F-4383-AB6F-C9E03A1064BF}
	EndGlobalSection
EndGlobal
